
Microsoft Visual Studio Solution File, Format Version 12.00
# Visual Studio Version 17
VisualStudioVersion = 17.14.36301.6 d17.14
MinimumVisualStudioVersion = 10.0.40219.1
Project("{FAE04EC0-301F-11D3-BF4B-00C04F79EFBC}") = "CMS.PL", "CourseManagementSystem\CMS.PL.csproj", "{922B0C65-12C7-4D77-91C0-3EB22C977665}"
EndProject
Project("{FAE04EC0-301F-11D3-BF4B-00C04F79EFBC}") = "CMS.BLL", "CMS.BLL\CMS.BLL.csproj", "{BBF97DF2-9E5D-4286-8B5C-FF8A55F2E2EC}"
EndProject
Project("{FAE04EC0-301F-11D3-BF4B-00C04F79EFBC}") = "CMS.DAL", "CMS.DAL\CMS.DAL.csproj", "{D36A7923-3C26-442D-9337-AE596E1BFA70}"
EndProject
Global
	GlobalSection(SolutionConfigurationPlatforms) = preSolution
		Debug|Any CPU = Debug|Any CPU
		Release|Any CPU = Release|Any CPU
	EndGlobalSection
	GlobalSection(ProjectConfigurationPlatforms) = postSolution
		{922B0C65-12C7-4D77-91C0-3EB22C977665}.Debug|Any CPU.ActiveCfg = Debug|Any CPU
		{922B0C65-12C7-4D77-91C0-3EB22C977665}.Debug|Any CPU.Build.0 = Debug|Any CPU
		{922B0C65-12C7-4D77-91C0-3EB22C977665}.Release|Any CPU.ActiveCfg = Release|Any CPU
		{922B0C65-12C7-4D77-91C0-3EB22C977665}.Release|Any CPU.Build.0 = Release|Any CPU
		{BBF97DF2-9E5D-4286-8B5C-FF8A55F2E2EC}.Debug|Any CPU.ActiveCfg = Debug|Any CPU
		{BBF97DF2-9E5D-4286-8B5C-FF8A55F2E2EC}.Debug|Any CPU.Build.0 = Debug|Any CPU
		{BBF97DF2-9E5D-4286-8B5C-FF8A55F2E2EC}.Release|Any CPU.ActiveCfg = Release|Any CPU
		{BBF97DF2-9E5D-4286-8B5C-FF8A55F2E2EC}.Release|Any CPU.Build.0 = Release|Any CPU
		{D36A7923-3C26-442D-9337-AE596E1BFA70}.Debug|Any CPU.ActiveCfg = Debug|Any CPU
		{D36A7923-3C26-442D-9337-AE596E1BFA70}.Debug|Any CPU.Build.0 = Debug|Any CPU
		{D36A7923-3C26-442D-9337-AE596E1BFA70}.Release|Any CPU.ActiveCfg = Release|Any CPU
		{D36A7923-3C26-442D-9337-AE596E1BFA70}.Release|Any CPU.Build.0 = Release|Any CPU
	EndGlobalSection
	GlobalSection(SolutionProperties) = preSolution
		HideSolutionNode = FALSE
	EndGlobalSection
	GlobalSection(ExtensibilityGlobals) = postSolution
		SolutionGuid = {D51B0774-EEBC-4721-9ECC-69B90F09FFCA}
	EndGlobalSection
EndGlobal
